<?xml version="1.0" encoding="UTF-8" standalone="yes" ?>
<CodeBlocks_project_file>
	<FileVersion major="1" minor="6" />
	<Project>
		<Option title="sculpt-client" />
		<Option pch_mode="2" />
		<Option compiler="gcc" />
		<Option virtualFolders="sinsocket\;" />
		<Build>
			<Target title="Windows Client Debug">
				<Option platforms="Windows;" />
				<Option output="bin\client\sculpt_d" prefix_auto="1" extension_auto="1" />
				<Option working_dir="res" />
				<Option object_output="bin\client\obj\Debug\" />
				<Option type="1" />
				<Option compiler="gcc" />
				<Option parameters="localhost" />
				<Compiler>
					<Add option="-g" />
					<Add option="-D_WIN32_WINNT=0x0501" />
					<Add option="-D_DEBUG" />
					<Add directory="sinsocket" />
					<Add directory="client" />
					<Add directory="..\..\libs\libsin\include" />
					<Add directory="..\..\libs\glfw\include" />
				</Compiler>
				<Linker>
					<Add library="sincam" />
					<Add library="sinlight" />
					<Add library="sintimer" />
					<Add library="sinprim" />
					<Add library="glfw" />
					<Add library="opengl32" />
					<Add library="ws2_32" />
					<Add directory="..\..\libs\libsin\lib" />
					<Add directory="..\..\libs\glfw\lib" />
				</Linker>
			</Target>
			<Target title="Windows Client Release">
				<Option platforms="Windows;" />
				<Option output="bin\client\sculpt" prefix_auto="1" extension_auto="1" />
				<Option working_dir="res" />
				<Option object_output="bin\client\obj\Release\" />
				<Option type="1" />
				<Option compiler="gcc" />
				<Compiler>
					<Add option="-O2" />
					<Add option="-Wextra" />
					<Add option="-Wall" />
					<Add option="-D_WIN32_WINNT=0x0501" />
					<Add directory="sinsocket" />
				</Compiler>
				<Linker>
					<Add option="-s" />
					<Add library="ws2_32" />
				</Linker>
			</Target>
		</Build>
		<Compiler>
			<Add option="-Wall" />
		</Compiler>
		<Unit filename="client\main.cpp" />
		<Unit filename="client\scene.h" />
		<Unit filename="client\scene\init.cpp" />
		<Unit filename="client\scene\init_ui.cpp" />
		<Unit filename="client\scene\input.cpp" />
		<Unit filename="client\scene\render.cpp" />
		<Unit filename="client\scene\scene.cpp" />
		<Unit filename="client\scene\update.cpp" />
		<Unit filename="client\todo.txt" />
		<Unit filename="sinsocket\sinsocket.cpp">
			<Option virtualFolder="sinsocket\" />
		</Unit>
		<Unit filename="sinsocket\sinsocket.h">
			<Option virtualFolder="sinsocket\" />
		</Unit>
		<Extensions>
			<code_completion />
			<envvars />
			<debugger />
			<lib_finder disable_auto="1" />
		</Extensions>
	</Project>
</CodeBlocks_project_file>
